// !$*UTF8*$!
{
	archiveVersion = 1;
	classes = {
	};
	objectVersion = 46;
	objects = {

/* Begin PBXBuildFile section */
		5EE55DF079058957C1D7C04F /* libPods-HYBHelperKit.a in Frameworks */ = {isa = PBXBuildFile; fileRef = 2B9F4AC97535142014D9B17F /* libPods-HYBHelperKit.a */; };
		6920F68B1D320E9600D89D07 /* TestViewController1.m in Sources */ = {isa = PBXBuildFile; fileRef = 6920F68A1D320E9600D89D07 /* TestViewController1.m */; };
		6920F7EE1D334E7500D89D07 /* HYBCommonKit.m in Sources */ = {isa = PBXBuildFile; fileRef = 6920F7AD1D334E7500D89D07 /* HYBCommonKit.m */; };
		6920F7EF1D334E7500D89D07 /* HYBHelperKitBaseController.m in Sources */ = {isa = PBXBuildFile; fileRef = 6920F7B01D334E7500D89D07 /* HYBHelperKitBaseController.m */; };
		6920F7F01D334E7500D89D07 /* HYBHelperKitBaseURLController.m in Sources */ = {isa = PBXBuildFile; fileRef = 6920F7B21D334E7500D89D07 /* HYBHelperKitBaseURLController.m */; };
		6920F7F11D334E7500D89D07 /* HYBHelperKitTestEntranceController.m in Sources */ = {isa = PBXBuildFile; fileRef = 6920F7B41D334E7500D89D07 /* HYBHelperKitTestEntranceController.m */; };
		6920F7F21D334E7500D89D07 /* NSArray+HYBHelperKit.m in Sources */ = {isa = PBXBuildFile; fileRef = 6920F7B81D334E7500D89D07 /* NSArray+HYBHelperKit.m */; };
		6920F7F31D334E7500D89D07 /* NSDictionary+HYBHelperKit.m in Sources */ = {isa = PBXBuildFile; fileRef = 6920F7BA1D334E7500D89D07 /* NSDictionary+HYBHelperKit.m */; };
		6920F7F41D334E7500D89D07 /* NSFileManager+HYBHelperKit.m in Sources */ = {isa = PBXBuildFile; fileRef = 6920F7BC1D334E7500D89D07 /* NSFileManager+HYBHelperKit.m */; };
		6920F7F51D334E7500D89D07 /* NSMutableArray+HYBHelperKit.m in Sources */ = {isa = PBXBuildFile; fileRef = 6920F7BE1D334E7500D89D07 /* NSMutableArray+HYBHelperKit.m */; };
		6920F7F61D334E7500D89D07 /* NSMutableDictionary+HYBHelperKit.m in Sources */ = {isa = PBXBuildFile; fileRef = 6920F7C01D334E7500D89D07 /* NSMutableDictionary+HYBHelperKit.m */; };
		6920F7F71D334E7500D89D07 /* NSObject+HYBHelperKit.m in Sources */ = {isa = PBXBuildFile; fileRef = 6920F7C21D334E7500D89D07 /* NSObject+HYBHelperKit.m */; };
		6920F7F81D334E7500D89D07 /* NSString+HYBHelperKit.m in Sources */ = {isa = PBXBuildFile; fileRef = 6920F7C41D334E7500D89D07 /* NSString+HYBHelperKit.m */; };
		6920F7F91D334E7500D89D07 /* NSTimer+HYBHelperKit.m in Sources */ = {isa = PBXBuildFile; fileRef = 6920F7C61D334E7500D89D07 /* NSTimer+HYBHelperKit.m */; };
		6920F7FA1D334E7500D89D07 /* NSUserDefaults+HYBHelperKit.m in Sources */ = {isa = PBXBuildFile; fileRef = 6920F7C81D334E7500D89D07 /* NSUserDefaults+HYBHelperKit.m */; };
		6920F7FB1D334E7500D89D07 /* UICollectionView+HYBMaonsryKit.m in Sources */ = {isa = PBXBuildFile; fileRef = 6920F7CD1D334E7500D89D07 /* UICollectionView+HYBMaonsryKit.m */; };
		6920F7FC1D334E7500D89D07 /* UIImageView+HYBMasonryKit.m in Sources */ = {isa = PBXBuildFile; fileRef = 6920F7CF1D334E7500D89D07 /* UIImageView+HYBMasonryKit.m */; };
		6920F7FD1D334E7500D89D07 /* UILabel+HYBMasonryKit.m in Sources */ = {isa = PBXBuildFile; fileRef = 6920F7D11D334E7500D89D07 /* UILabel+HYBMasonryKit.m */; };
		6920F7FE1D334E7500D89D07 /* UIScrollView+HYBMasonryKit.m in Sources */ = {isa = PBXBuildFile; fileRef = 6920F7D31D334E7500D89D07 /* UIScrollView+HYBMasonryKit.m */; };
		6920F7FF1D334E7500D89D07 /* UITableView+HYBMasonryKit.m in Sources */ = {isa = PBXBuildFile; fileRef = 6920F7D51D334E7500D89D07 /* UITableView+HYBMasonryKit.m */; };
		6920F8001D334E7500D89D07 /* UITextField+HYBMasonryKit.m in Sources */ = {isa = PBXBuildFile; fileRef = 6920F7D71D334E7500D89D07 /* UITextField+HYBMasonryKit.m */; };
		6920F8011D334E7500D89D07 /* UIView+HYBMasonryKit.m in Sources */ = {isa = PBXBuildFile; fileRef = 6920F7D91D334E7500D89D07 /* UIView+HYBMasonryKit.m */; };
		6920F8021D334E7500D89D07 /* UIWebView+HYBMasonryKit.m in Sources */ = {isa = PBXBuildFile; fileRef = 6920F7DB1D334E7500D89D07 /* UIWebView+HYBMasonryKit.m */; };
		6920F8031D334E7500D89D07 /* UIButton+HYBHelperBlockKit.m in Sources */ = {isa = PBXBuildFile; fileRef = 6920F7DF1D334E7500D89D07 /* UIButton+HYBHelperBlockKit.m */; };
		6920F8041D334E7500D89D07 /* UIControl+HYBHelperBlockKit.m in Sources */ = {isa = PBXBuildFile; fileRef = 6920F7E11D334E7500D89D07 /* UIControl+HYBHelperBlockKit.m */; };
		6920F8051D334E7500D89D07 /* UIGestureRecognizer+HYBHelperBlockKit.m in Sources */ = {isa = PBXBuildFile; fileRef = 6920F7E31D334E7500D89D07 /* UIGestureRecognizer+HYBHelperBlockKit.m */; };
		6920F8061D334E7500D89D07 /* UIView+HYBHelperBlockKit.m in Sources */ = {isa = PBXBuildFile; fileRef = 6920F7E51D334E7500D89D07 /* UIView+HYBHelperBlockKit.m */; };
		6920F8071D334E7500D89D07 /* UIColor+HYBHelperKitUIKit.m in Sources */ = {isa = PBXBuildFile; fileRef = 6920F7E91D334E7500D89D07 /* UIColor+HYBHelperKitUIKit.m */; };
		6920F8081D334E7500D89D07 /* UIDevice+HYBHelperKitUIKit.m in Sources */ = {isa = PBXBuildFile; fileRef = 6920F7EB1D334E7500D89D07 /* UIDevice+HYBHelperKitUIKit.m */; };
		6920F8091D334E7500D89D07 /* UIView+HYBHelperKitUIKit.m in Sources */ = {isa = PBXBuildFile; fileRef = 6920F7ED1D334E7500D89D07 /* UIView+HYBHelperKitUIKit.m */; };
		6932F8D11D24D12600F2D2F0 /* DictionaryTests.m in Sources */ = {isa = PBXBuildFile; fileRef = 6932F8D01D24D12600F2D2F0 /* DictionaryTests.m */; };
		69489E851D23790E00F90205 /* main.m in Sources */ = {isa = PBXBuildFile; fileRef = 69489E841D23790E00F90205 /* main.m */; };
		69489E881D23790E00F90205 /* AppDelegate.m in Sources */ = {isa = PBXBuildFile; fileRef = 69489E871D23790E00F90205 /* AppDelegate.m */; };
		69489E8B1D23790E00F90205 /* ViewController.m in Sources */ = {isa = PBXBuildFile; fileRef = 69489E8A1D23790E00F90205 /* ViewController.m */; };
		69489E901D23790E00F90205 /* Assets.xcassets in Resources */ = {isa = PBXBuildFile; fileRef = 69489E8F1D23790E00F90205 /* Assets.xcassets */; };
		69489E931D23790E00F90205 /* LaunchScreen.storyboard in Resources */ = {isa = PBXBuildFile; fileRef = 69489E911D23790E00F90205 /* LaunchScreen.storyboard */; };
		69489E9E1D23790E00F90205 /* HYBHelperKitTests.m in Sources */ = {isa = PBXBuildFile; fileRef = 69489E9D1D23790E00F90205 /* HYBHelperKitTests.m */; };
		69489EC91D23BCDC00F90205 /* NSTimerTests.m in Sources */ = {isa = PBXBuildFile; fileRef = 69489EC71D23BCDC00F90205 /* NSTimerTests.m */; };
		69489ECC1D23BEEF00F90205 /* NSUserDefaultsTests.m in Sources */ = {isa = PBXBuildFile; fileRef = 69489ECA1D23BEEF00F90205 /* NSUserDefaultsTests.m */; };
		69489ED11D23C11200F90205 /* NSStringTests.m in Sources */ = {isa = PBXBuildFile; fileRef = 69489ED01D23C11200F90205 /* NSStringTests.m */; };
		69C383191D23C7FB00176B00 /* NSObjectTests.m in Sources */ = {isa = PBXBuildFile; fileRef = 69C383181D23C7FB00176B00 /* NSObjectTests.m */; };
		69C383291D23DA4100176B00 /* ArrayTests.m in Sources */ = {isa = PBXBuildFile; fileRef = 69C383271D23DA4100176B00 /* ArrayTests.m */; };
		DC82BC5B03DBD5DC59B883D8 /* libPods-HYBHelperKitTests.a in Frameworks */ = {isa = PBXBuildFile; fileRef = 880E538D3E79C9676BE1490E /* libPods-HYBHelperKitTests.a */; };
/* End PBXBuildFile section */

/* Begin PBXContainerItemProxy section */
		69489E9A1D23790E00F90205 /* PBXContainerItemProxy */ = {
			isa = PBXContainerItemProxy;
			containerPortal = 69489E781D23790E00F90205 /* Project object */;
			proxyType = 1;
			remoteGlobalIDString = 69489E7F1D23790E00F90205;
			remoteInfo = HYBHelperKit;
		};
/* End PBXContainerItemProxy section */

/* Begin PBXFileReference section */
		27E98AAFD6B6C8A744E7B36C /* Pods-HYBHelperKitTests.debug.xcconfig */ = {isa = PBXFileReference; includeInIndex = 1; lastKnownFileType = text.xcconfig; name = "Pods-HYBHelperKitTests.debug.xcconfig"; path = "Pods/Target Support Files/Pods-HYBHelperKitTests/Pods-HYBHelperKitTests.debug.xcconfig"; sourceTree = "<group>"; };
		2B9F4AC97535142014D9B17F /* libPods-HYBHelperKit.a */ = {isa = PBXFileReference; explicitFileType = archive.ar; includeInIndex = 0; path = "libPods-HYBHelperKit.a"; sourceTree = BUILT_PRODUCTS_DIR; };
		3D2427DF68D165E6D41371A3 /* Pods-HYBHelperKit.release.xcconfig */ = {isa = PBXFileReference; includeInIndex = 1; lastKnownFileType = text.xcconfig; name = "Pods-HYBHelperKit.release.xcconfig"; path = "Pods/Target Support Files/Pods-HYBHelperKit/Pods-HYBHelperKit.release.xcconfig"; sourceTree = "<group>"; };
		3E988714FC5DCCC6FE572EC4 /* Pods-HYBHelperKit.debug.xcconfig */ = {isa = PBXFileReference; includeInIndex = 1; lastKnownFileType = text.xcconfig; name = "Pods-HYBHelperKit.debug.xcconfig"; path = "Pods/Target Support Files/Pods-HYBHelperKit/Pods-HYBHelperKit.debug.xcconfig"; sourceTree = "<group>"; };
		6920F6891D320E9600D89D07 /* TestViewController1.h */ = {isa = PBXFileReference; fileEncoding = 4; lastKnownFileType = sourcecode.c.h; path = TestViewController1.h; sourceTree = "<group>"; };
		6920F68A1D320E9600D89D07 /* TestViewController1.m */ = {isa = PBXFileReference; fileEncoding = 4; lastKnownFileType = sourcecode.c.objc; path = TestViewController1.m; sourceTree = "<group>"; };
		6920F7AC1D334E7500D89D07 /* HYBCommonKit.h */ = {isa = PBXFileReference; fileEncoding = 4; lastKnownFileType = sourcecode.c.h; path = HYBCommonKit.h; sourceTree = "<group>"; };
		6920F7AD1D334E7500D89D07 /* HYBCommonKit.m */ = {isa = PBXFileReference; fileEncoding = 4; lastKnownFileType = sourcecode.c.objc; path = HYBCommonKit.m; sourceTree = "<group>"; };
		6920F7AF1D334E7500D89D07 /* HYBHelperKitBaseController.h */ = {isa = PBXFileReference; fileEncoding = 4; lastKnownFileType = sourcecode.c.h; path = HYBHelperKitBaseController.h; sourceTree = "<group>"; };
		6920F7B01D334E7500D89D07 /* HYBHelperKitBaseController.m */ = {isa = PBXFileReference; fileEncoding = 4; lastKnownFileType = sourcecode.c.objc; path = HYBHelperKitBaseController.m; sourceTree = "<group>"; };
		6920F7B11D334E7500D89D07 /* HYBHelperKitBaseURLController.h */ = {isa = PBXFileReference; fileEncoding = 4; lastKnownFileType = sourcecode.c.h; path = HYBHelperKitBaseURLController.h; sourceTree = "<group>"; };
		6920F7B21D334E7500D89D07 /* HYBHelperKitBaseURLController.m */ = {isa = PBXFileReference; fileEncoding = 4; lastKnownFileType = sourcecode.c.objc; path = HYBHelperKitBaseURLController.m; sourceTree = "<group>"; };
		6920F7B31D334E7500D89D07 /* HYBHelperKitTestEntranceController.h */ = {isa = PBXFileReference; fileEncoding = 4; lastKnownFileType = sourcecode.c.h; path = HYBHelperKitTestEntranceController.h; sourceTree = "<group>"; };
		6920F7B41D334E7500D89D07 /* HYBHelperKitTestEntranceController.m */ = {isa = PBXFileReference; fileEncoding = 4; lastKnownFileType = sourcecode.c.objc; path = HYBHelperKitTestEntranceController.m; sourceTree = "<group>"; };
		6920F7B61D334E7500D89D07 /* HYBHelperFoundationKit.h */ = {isa = PBXFileReference; fileEncoding = 4; lastKnownFileType = sourcecode.c.h; path = HYBHelperFoundationKit.h; sourceTree = "<group>"; };
		6920F7B71D334E7500D89D07 /* NSArray+HYBHelperKit.h */ = {isa = PBXFileReference; fileEncoding = 4; lastKnownFileType = sourcecode.c.h; path = "NSArray+HYBHelperKit.h"; sourceTree = "<group>"; };
		6920F7B81D334E7500D89D07 /* NSArray+HYBHelperKit.m */ = {isa = PBXFileReference; fileEncoding = 4; lastKnownFileType = sourcecode.c.objc; path = "NSArray+HYBHelperKit.m"; sourceTree = "<group>"; };
		6920F7B91D334E7500D89D07 /* NSDictionary+HYBHelperKit.h */ = {isa = PBXFileReference; fileEncoding = 4; lastKnownFileType = sourcecode.c.h; path = "NSDictionary+HYBHelperKit.h"; sourceTree = "<group>"; };
		6920F7BA1D334E7500D89D07 /* NSDictionary+HYBHelperKit.m */ = {isa = PBXFileReference; fileEncoding = 4; lastKnownFileType = sourcecode.c.objc; path = "NSDictionary+HYBHelperKit.m"; sourceTree = "<group>"; };
		6920F7BB1D334E7500D89D07 /* NSFileManager+HYBHelperKit.h */ = {isa = PBXFileReference; fileEncoding = 4; lastKnownFileType = sourcecode.c.h; path = "NSFileManager+HYBHelperKit.h"; sourceTree = "<group>"; };
		6920F7BC1D334E7500D89D07 /* NSFileManager+HYBHelperKit.m */ = {isa = PBXFileReference; fileEncoding = 4; lastKnownFileType = sourcecode.c.objc; path = "NSFileManager+HYBHelperKit.m"; sourceTree = "<group>"; };
		6920F7BD1D334E7500D89D07 /* NSMutableArray+HYBHelperKit.h */ = {isa = PBXFileReference; fileEncoding = 4; lastKnownFileType = sourcecode.c.h; path = "NSMutableArray+HYBHelperKit.h"; sourceTree = "<group>"; };
		6920F7BE1D334E7500D89D07 /* NSMutableArray+HYBHelperKit.m */ = {isa = PBXFileReference; fileEncoding = 4; lastKnownFileType = sourcecode.c.objc; path = "NSMutableArray+HYBHelperKit.m"; sourceTree = "<group>"; };
		6920F7BF1D334E7500D89D07 /* NSMutableDictionary+HYBHelperKit.h */ = {isa = PBXFileReference; fileEncoding = 4; lastKnownFileType = sourcecode.c.h; path = "NSMutableDictionary+HYBHelperKit.h"; sourceTree = "<group>"; };
		6920F7C01D334E7500D89D07 /* NSMutableDictionary+HYBHelperKit.m */ = {isa = PBXFileReference; fileEncoding = 4; lastKnownFileType = sourcecode.c.objc; path = "NSMutableDictionary+HYBHelperKit.m"; sourceTree = "<group>"; };
		6920F7C11D334E7500D89D07 /* NSObject+HYBHelperKit.h */ = {isa = PBXFileReference; fileEncoding = 4; lastKnownFileType = sourcecode.c.h; path = "NSObject+HYBHelperKit.h"; sourceTree = "<group>"; };
		6920F7C21D334E7500D89D07 /* NSObject+HYBHelperKit.m */ = {isa = PBXFileReference; fileEncoding = 4; lastKnownFileType = sourcecode.c.objc; path = "NSObject+HYBHelperKit.m"; sourceTree = "<group>"; };
		6920F7C31D334E7500D89D07 /* NSString+HYBHelperKit.h */ = {isa = PBXFileReference; fileEncoding = 4; lastKnownFileType = sourcecode.c.h; path = "NSString+HYBHelperKit.h"; sourceTree = "<group>"; };
		6920F7C41D334E7500D89D07 /* NSString+HYBHelperKit.m */ = {isa = PBXFileReference; fileEncoding = 4; lastKnownFileType = sourcecode.c.objc; path = "NSString+HYBHelperKit.m"; sourceTree = "<group>"; };
		6920F7C51D334E7500D89D07 /* NSTimer+HYBHelperKit.h */ = {isa = PBXFileReference; fileEncoding = 4; lastKnownFileType = sourcecode.c.h; path = "NSTimer+HYBHelperKit.h"; sourceTree = "<group>"; };
		6920F7C61D334E7500D89D07 /* NSTimer+HYBHelperKit.m */ = {isa = PBXFileReference; fileEncoding = 4; lastKnownFileType = sourcecode.c.objc; path = "NSTimer+HYBHelperKit.m"; sourceTree = "<group>"; };
		6920F7C71D334E7500D89D07 /* NSUserDefaults+HYBHelperKit.h */ = {isa = PBXFileReference; fileEncoding = 4; lastKnownFileType = sourcecode.c.h; path = "NSUserDefaults+HYBHelperKit.h"; sourceTree = "<group>"; };
		6920F7C81D334E7500D89D07 /* NSUserDefaults+HYBHelperKit.m */ = {isa = PBXFileReference; fileEncoding = 4; lastKnownFileType = sourcecode.c.objc; path = "NSUserDefaults+HYBHelperKit.m"; sourceTree = "<group>"; };
		6920F7C91D334E7500D89D07 /* HYBHelperKit.h */ = {isa = PBXFileReference; fileEncoding = 4; lastKnownFileType = sourcecode.c.h; path = HYBHelperKit.h; sourceTree = "<group>"; };
		6920F7CB1D334E7500D89D07 /* HYBHelperMasonryMaker.h */ = {isa = PBXFileReference; fileEncoding = 4; lastKnownFileType = sourcecode.c.h; path = HYBHelperMasonryMaker.h; sourceTree = "<group>"; };
		6920F7CC1D334E7500D89D07 /* UICollectionView+HYBMaonsryKit.h */ = {isa = PBXFileReference; fileEncoding = 4; lastKnownFileType = sourcecode.c.h; path = "UICollectionView+HYBMaonsryKit.h"; sourceTree = "<group>"; };
		6920F7CD1D334E7500D89D07 /* UICollectionView+HYBMaonsryKit.m */ = {isa = PBXFileReference; fileEncoding = 4; lastKnownFileType = sourcecode.c.objc; path = "UICollectionView+HYBMaonsryKit.m"; sourceTree = "<group>"; };
		6920F7CE1D334E7500D89D07 /* UIImageView+HYBMasonryKit.h */ = {isa = PBXFileReference; fileEncoding = 4; lastKnownFileType = sourcecode.c.h; path = "UIImageView+HYBMasonryKit.h"; sourceTree = "<group>"; };
		6920F7CF1D334E7500D89D07 /* UIImageView+HYBMasonryKit.m */ = {isa = PBXFileReference; fileEncoding = 4; lastKnownFileType = sourcecode.c.objc; path = "UIImageView+HYBMasonryKit.m"; sourceTree = "<group>"; };
		6920F7D01D334E7500D89D07 /* UILabel+HYBMasonryKit.h */ = {isa = PBXFileReference; fileEncoding = 4; lastKnownFileType = sourcecode.c.h; path = "UILabel+HYBMasonryKit.h"; sourceTree = "<group>"; };
		6920F7D11D334E7500D89D07 /* UILabel+HYBMasonryKit.m */ = {isa = PBXFileReference; fileEncoding = 4; lastKnownFileType = sourcecode.c.objc; path = "UILabel+HYBMasonryKit.m"; sourceTree = "<group>"; };
		6920F7D21D334E7500D89D07 /* UIScrollView+HYBMasonryKit.h */ = {isa = PBXFileReference; fileEncoding = 4; lastKnownFileType = sourcecode.c.h; path = "UIScrollView+HYBMasonryKit.h"; sourceTree = "<group>"; };
		6920F7D31D334E7500D89D07 /* UIScrollView+HYBMasonryKit.m */ = {isa = PBXFileReference; fileEncoding = 4; lastKnownFileType = sourcecode.c.objc; path = "UIScrollView+HYBMasonryKit.m"; sourceTree = "<group>"; };
		6920F7D41D334E7500D89D07 /* UITableView+HYBMasonryKit.h */ = {isa = PBXFileReference; fileEncoding = 4; lastKnownFileType = sourcecode.c.h; path = "UITableView+HYBMasonryKit.h"; sourceTree = "<group>"; };
		6920F7D51D334E7500D89D07 /* UITableView+HYBMasonryKit.m */ = {isa = PBXFileReference; fileEncoding = 4; lastKnownFileType = sourcecode.c.objc; path = "UITableView+HYBMasonryKit.m"; sourceTree = "<group>"; };
		6920F7D61D334E7500D89D07 /* UITextField+HYBMasonryKit.h */ = {isa = PBXFileReference; fileEncoding = 4; lastKnownFileType = sourcecode.c.h; path = "UITextField+HYBMasonryKit.h"; sourceTree = "<group>"; };
		6920F7D71D334E7500D89D07 /* UITextField+HYBMasonryKit.m */ = {isa = PBXFileReference; fileEncoding = 4; lastKnownFileType = sourcecode.c.objc; path = "UITextField+HYBMasonryKit.m"; sourceTree = "<group>"; };
		6920F7D81D334E7500D89D07 /* UIView+HYBMasonryKit.h */ = {isa = PBXFileReference; fileEncoding = 4; lastKnownFileType = sourcecode.c.h; path = "UIView+HYBMasonryKit.h"; sourceTree = "<group>"; };
		6920F7D91D334E7500D89D07 /* UIView+HYBMasonryKit.m */ = {isa = PBXFileReference; fileEncoding = 4; lastKnownFileType = sourcecode.c.objc; path = "UIView+HYBMasonryKit.m"; sourceTree = "<group>"; };
		6920F7DA1D334E7500D89D07 /* UIWebView+HYBMasonryKit.h */ = {isa = PBXFileReference; fileEncoding = 4; lastKnownFileType = sourcecode.c.h; path = "UIWebView+HYBMasonryKit.h"; sourceTree = "<group>"; };
		6920F7DB1D334E7500D89D07 /* UIWebView+HYBMasonryKit.m */ = {isa = PBXFileReference; fileEncoding = 4; lastKnownFileType = sourcecode.c.objc; path = "UIWebView+HYBMasonryKit.m"; sourceTree = "<group>"; };
		6920F7DD1D334E7500D89D07 /* HYBHelperBlocksKit.h */ = {isa = PBXFileReference; fileEncoding = 4; lastKnownFileType = sourcecode.c.h; path = HYBHelperBlocksKit.h; sourceTree = "<group>"; };
		6920F7DE1D334E7500D89D07 /* UIButton+HYBHelperBlockKit.h */ = {isa = PBXFileReference; fileEncoding = 4; lastKnownFileType = sourcecode.c.h; path = "UIButton+HYBHelperBlockKit.h"; sourceTree = "<group>"; };
		6920F7DF1D334E7500D89D07 /* UIButton+HYBHelperBlockKit.m */ = {isa = PBXFileReference; fileEncoding = 4; lastKnownFileType = sourcecode.c.objc; path = "UIButton+HYBHelperBlockKit.m"; sourceTree = "<group>"; };
		6920F7E01D334E7500D89D07 /* UIControl+HYBHelperBlockKit.h */ = {isa = PBXFileReference; fileEncoding = 4; lastKnownFileType = sourcecode.c.h; path = "UIControl+HYBHelperBlockKit.h"; sourceTree = "<group>"; };
		6920F7E11D334E7500D89D07 /* UIControl+HYBHelperBlockKit.m */ = {isa = PBXFileReference; fileEncoding = 4; lastKnownFileType = sourcecode.c.objc; path = "UIControl+HYBHelperBlockKit.m"; sourceTree = "<group>"; };
		6920F7E21D334E7500D89D07 /* UIGestureRecognizer+HYBHelperBlockKit.h */ = {isa = PBXFileReference; fileEncoding = 4; lastKnownFileType = sourcecode.c.h; path = "UIGestureRecognizer+HYBHelperBlockKit.h"; sourceTree = "<group>"; };
		6920F7E31D334E7500D89D07 /* UIGestureRecognizer+HYBHelperBlockKit.m */ = {isa = PBXFileReference; fileEncoding = 4; lastKnownFileType = sourcecode.c.objc; path = "UIGestureRecognizer+HYBHelperBlockKit.m"; sourceTree = "<group>"; };
		6920F7E41D334E7500D89D07 /* UIView+HYBHelperBlockKit.h */ = {isa = PBXFileReference; fileEncoding = 4; lastKnownFileType = sourcecode.c.h; path = "UIView+HYBHelperBlockKit.h"; sourceTree = "<group>"; };
		6920F7E51D334E7500D89D07 /* UIView+HYBHelperBlockKit.m */ = {isa = PBXFileReference; fileEncoding = 4; lastKnownFileType = sourcecode.c.objc; path = "UIView+HYBHelperBlockKit.m"; sourceTree = "<group>"; };
		6920F7E71D334E7500D89D07 /* HYBHelperUIKit.h */ = {isa = PBXFileReference; fileEncoding = 4; lastKnownFileType = sourcecode.c.h; path = HYBHelperUIKit.h; sourceTree = "<group>"; };
		6920F7E81D334E7500D89D07 /* UIColor+HYBHelperKitUIKit.h */ = {isa = PBXFileReference; fileEncoding = 4; lastKnownFileType = sourcecode.c.h; path = "UIColor+HYBHelperKitUIKit.h"; sourceTree = "<group>"; };
		6920F7E91D334E7500D89D07 /* UIColor+HYBHelperKitUIKit.m */ = {isa = PBXFileReference; fileEncoding = 4; lastKnownFileType = sourcecode.c.objc; path = "UIColor+HYBHelperKitUIKit.m"; sourceTree = "<group>"; };
		6920F7EA1D334E7500D89D07 /* UIDevice+HYBHelperKitUIKit.h */ = {isa = PBXFileReference; fileEncoding = 4; lastKnownFileType = sourcecode.c.h; path = "UIDevice+HYBHelperKitUIKit.h"; sourceTree = "<group>"; };
		6920F7EB1D334E7500D89D07 /* UIDevice+HYBHelperKitUIKit.m */ = {isa = PBXFileReference; fileEncoding = 4; lastKnownFileType = sourcecode.c.objc; path = "UIDevice+HYBHelperKitUIKit.m"; sourceTree = "<group>"; };
		6920F7EC1D334E7500D89D07 /* UIView+HYBHelperKitUIKit.h */ = {isa = PBXFileReference; fileEncoding = 4; lastKnownFileType = sourcecode.c.h; path = "UIView+HYBHelperKitUIKit.h"; sourceTree = "<group>"; };
		6920F7ED1D334E7500D89D07 /* UIView+HYBHelperKitUIKit.m */ = {isa = PBXFileReference; fileEncoding = 4; lastKnownFileType = sourcecode.c.objc; path = "UIView+HYBHelperKitUIKit.m"; sourceTree = "<group>"; };
		6932F8D01D24D12600F2D2F0 /* DictionaryTests.m */ = {isa = PBXFileReference; fileEncoding = 4; lastKnownFileType = sourcecode.c.objc; path = DictionaryTests.m; sourceTree = "<group>"; };
		69489E801D23790E00F90205 /* HYBHelperKit.app */ = {isa = PBXFileReference; explicitFileType = wrapper.application; includeInIndex = 0; path = HYBHelperKit.app; sourceTree = BUILT_PRODUCTS_DIR; };
		69489E841D23790E00F90205 /* main.m */ = {isa = PBXFileReference; lastKnownFileType = sourcecode.c.objc; path = main.m; sourceTree = "<group>"; };
		69489E861D23790E00F90205 /* AppDelegate.h */ = {isa = PBXFileReference; lastKnownFileType = sourcecode.c.h; path = AppDelegate.h; sourceTree = "<group>"; };
		69489E871D23790E00F90205 /* AppDelegate.m */ = {isa = PBXFileReference; lastKnownFileType = sourcecode.c.objc; path = AppDelegate.m; sourceTree = "<group>"; };
		69489E891D23790E00F90205 /* ViewController.h */ = {isa = PBXFileReference; lastKnownFileType = sourcecode.c.h; path = ViewController.h; sourceTree = "<group>"; };
		69489E8A1D23790E00F90205 /* ViewController.m */ = {isa = PBXFileReference; lastKnownFileType = sourcecode.c.objc; path = ViewController.m; sourceTree = "<group>"; };
		69489E8F1D23790E00F90205 /* Assets.xcassets */ = {isa = PBXFileReference; lastKnownFileType = folder.assetcatalog; path = Assets.xcassets; sourceTree = "<group>"; };
		69489E921D23790E00F90205 /* Base */ = {isa = PBXFileReference; lastKnownFileType = file.storyboard; name = Base; path = Base.lproj/LaunchScreen.storyboard; sourceTree = "<group>"; };
		69489E941D23790E00F90205 /* Info.plist */ = {isa = PBXFileReference; lastKnownFileType = text.plist.xml; path = Info.plist; sourceTree = "<group>"; };
		69489E991D23790E00F90205 /* HYBHelperKitTests.xctest */ = {isa = PBXFileReference; explicitFileType = wrapper.cfbundle; includeInIndex = 0; path = HYBHelperKitTests.xctest; sourceTree = BUILT_PRODUCTS_DIR; };
		69489E9D1D23790E00F90205 /* HYBHelperKitTests.m */ = {isa = PBXFileReference; lastKnownFileType = sourcecode.c.objc; path = HYBHelperKitTests.m; sourceTree = "<group>"; };
		69489E9F1D23790E00F90205 /* Info.plist */ = {isa = PBXFileReference; lastKnownFileType = text.plist.xml; path = Info.plist; sourceTree = "<group>"; };
		69489EC71D23BCDC00F90205 /* NSTimerTests.m */ = {isa = PBXFileReference; fileEncoding = 4; lastKnownFileType = sourcecode.c.objc; path = NSTimerTests.m; sourceTree = "<group>"; };
		69489ECA1D23BEEF00F90205 /* NSUserDefaultsTests.m */ = {isa = PBXFileReference; fileEncoding = 4; lastKnownFileType = sourcecode.c.objc; path = NSUserDefaultsTests.m; sourceTree = "<group>"; };
		69489ED01D23C11200F90205 /* NSStringTests.m */ = {isa = PBXFileReference; fileEncoding = 4; lastKnownFileType = sourcecode.c.objc; path = NSStringTests.m; sourceTree = "<group>"; };
		69C383181D23C7FB00176B00 /* NSObjectTests.m */ = {isa = PBXFileReference; fileEncoding = 4; lastKnownFileType = sourcecode.c.objc; path = NSObjectTests.m; sourceTree = "<group>"; };
		69C383271D23DA4100176B00 /* ArrayTests.m */ = {isa = PBXFileReference; fileEncoding = 4; lastKnownFileType = sourcecode.c.objc; path = ArrayTests.m; sourceTree = "<group>"; };
		880E538D3E79C9676BE1490E /* libPods-HYBHelperKitTests.a */ = {isa = PBXFileReference; explicitFileType = archive.ar; includeInIndex = 0; path = "libPods-HYBHelperKitTests.a"; sourceTree = BUILT_PRODUCTS_DIR; };
		D4190D82170077172A8B3795 /* Pods-HYBHelperKitTests.release.xcconfig */ = {isa = PBXFileReference; includeInIndex = 1; lastKnownFileType = text.xcconfig; name = "Pods-HYBHelperKitTests.release.xcconfig"; path = "Pods/Target Support Files/Pods-HYBHelperKitTests/Pods-HYBHelperKitTests.release.xcconfig"; sourceTree = "<group>"; };
/* End PBXFileReference section */

/* Begin PBXFrameworksBuildPhase section */
		69489E7D1D23790E00F90205 /* Frameworks */ = {
			isa = PBXFrameworksBuildPhase;
			buildActionMask = 2147483647;
			files = (
				5EE55DF079058957C1D7C04F /* libPods-HYBHelperKit.a in Frameworks */,
			);
			runOnlyForDeploymentPostprocessing = 0;
		};
		69489E961D23790E00F90205 /* Frameworks */ = {
			isa = PBXFrameworksBuildPhase;
			buildActionMask = 2147483647;
			files = (
				DC82BC5B03DBD5DC59B883D8 /* libPods-HYBHelperKitTests.a in Frameworks */,
			);
			runOnlyForDeploymentPostprocessing = 0;
		};
/* End PBXFrameworksBuildPhase section */

/* Begin PBXGroup section */
		6920F7AA1D334E7500D89D07 /* HYBHelperKitSources */ = {
			isa = PBXGroup;
			children = (
				6920F7AB1D334E7500D89D07 /* CommonKit */,
				6920F7AE1D334E7500D89D07 /* ControllerKit */,
				6920F7B51D334E7500D89D07 /* FoundationKit */,
				6920F7C91D334E7500D89D07 /* HYBHelperKit.h */,
				6920F7CA1D334E7500D89D07 /* MasonryKit */,
				6920F7DC1D334E7500D89D07 /* UIBlocksKit */,
				6920F7E61D334E7500D89D07 /* UIKit */,
			);
			path = HYBHelperKitSources;
			sourceTree = SOURCE_ROOT;
		};
		6920F7AB1D334E7500D89D07 /* CommonKit */ = {
			isa = PBXGroup;
			children = (
				6920F7AC1D334E7500D89D07 /* HYBCommonKit.h */,
				6920F7AD1D334E7500D89D07 /* HYBCommonKit.m */,
			);
			path = CommonKit;
			sourceTree = "<group>";
		};
		6920F7AE1D334E7500D89D07 /* ControllerKit */ = {
			isa = PBXGroup;
			children = (
				6920F7AF1D334E7500D89D07 /* HYBHelperKitBaseController.h */,
				6920F7B01D334E7500D89D07 /* HYBHelperKitBaseController.m */,
				6920F7B11D334E7500D89D07 /* HYBHelperKitBaseURLController.h */,
				6920F7B21D334E7500D89D07 /* HYBHelperKitBaseURLController.m */,
				6920F7B31D334E7500D89D07 /* HYBHelperKitTestEntranceController.h */,
				6920F7B41D334E7500D89D07 /* HYBHelperKitTestEntranceController.m */,
			);
			path = ControllerKit;
			sourceTree = "<group>";
		};
		6920F7B51D334E7500D89D07 /* FoundationKit */ = {
			isa = PBXGroup;
			children = (
				6920F7B61D334E7500D89D07 /* HYBHelperFoundationKit.h */,
				6920F7B71D334E7500D89D07 /* NSArray+HYBHelperKit.h */,
				6920F7B81D334E7500D89D07 /* NSArray+HYBHelperKit.m */,
				6920F7B91D334E7500D89D07 /* NSDictionary+HYBHelperKit.h */,
				6920F7BA1D334E7500D89D07 /* NSDictionary+HYBHelperKit.m */,
				6920F7BB1D334E7500D89D07 /* NSFileManager+HYBHelperKit.h */,
				6920F7BC1D334E7500D89D07 /* NSFileManager+HYBHelperKit.m */,
				6920F7BD1D334E7500D89D07 /* NSMutableArray+HYBHelperKit.h */,
				6920F7BE1D334E7500D89D07 /* NSMutableArray+HYBHelperKit.m */,
				6920F7BF1D334E7500D89D07 /* NSMutableDictionary+HYBHelperKit.h */,
				6920F7C01D334E7500D89D07 /* NSMutableDictionary+HYBHelperKit.m */,
				6920F7C11D334E7500D89D07 /* NSObject+HYBHelperKit.h */,
				6920F7C21D334E7500D89D07 /* NSObject+HYBHelperKit.m */,
				6920F7C31D334E7500D89D07 /* NSString+HYBHelperKit.h */,
				6920F7C41D334E7500D89D07 /* NSString+HYBHelperKit.m */,
				6920F7C51D334E7500D89D07 /* NSTimer+HYBHelperKit.h */,
				6920F7C61D334E7500D89D07 /* NSTimer+HYBHelperKit.m */,
				6920F7C71D334E7500D89D07 /* NSUserDefaults+HYBHelperKit.h */,
				6920F7C81D334E7500D89D07 /* NSUserDefaults+HYBHelperKit.m */,
			);
			path = FoundationKit;
			sourceTree = "<group>";
		};
		6920F7CA1D334E7500D89D07 /* MasonryKit */ = {
			isa = PBXGroup;
			children = (
				6920F7CB1D334E7500D89D07 /* HYBHelperMasonryMaker.h */,
				6920F7CC1D334E7500D89D07 /* UICollectionView+HYBMaonsryKit.h */,
				6920F7CD1D334E7500D89D07 /* UICollectionView+HYBMaonsryKit.m */,
				6920F7CE1D334E7500D89D07 /* UIImageView+HYBMasonryKit.h */,
				6920F7CF1D334E7500D89D07 /* UIImageView+HYBMasonryKit.m */,
				6920F7D01D334E7500D89D07 /* UILabel+HYBMasonryKit.h */,
				6920F7D11D334E7500D89D07 /* UILabel+HYBMasonryKit.m */,
				6920F7D21D334E7500D89D07 /* UIScrollView+HYBMasonryKit.h */,
				6920F7D31D334E7500D89D07 /* UIScrollView+HYBMasonryKit.m */,
				6920F7D41D334E7500D89D07 /* UITableView+HYBMasonryKit.h */,
				6920F7D51D334E7500D89D07 /* UITableView+HYBMasonryKit.m */,
				6920F7D61D334E7500D89D07 /* UITextField+HYBMasonryKit.h */,
				6920F7D71D334E7500D89D07 /* UITextField+HYBMasonryKit.m */,
				6920F7D81D334E7500D89D07 /* UIView+HYBMasonryKit.h */,
				6920F7D91D334E7500D89D07 /* UIView+HYBMasonryKit.m */,
				6920F7DA1D334E7500D89D07 /* UIWebView+HYBMasonryKit.h */,
				6920F7DB1D334E7500D89D07 /* UIWebView+HYBMasonryKit.m */,
			);
			path = MasonryKit;
			sourceTree = "<group>";
		};
		6920F7DC1D334E7500D89D07 /* UIBlocksKit */ = {
			isa = PBXGroup;
			children = (
				6920F7DD1D334E7500D89D07 /* HYBHelperBlocksKit.h */,
				6920F7DE1D334E7500D89D07 /* UIButton+HYBHelperBlockKit.h */,
				6920F7DF1D334E7500D89D07 /* UIButton+HYBHelperBlockKit.m */,
				6920F7E01D334E7500D89D07 /* UIControl+HYBHelperBlockKit.h */,
				6920F7E11D334E7500D89D07 /* UIControl+HYBHelperBlockKit.m */,
				6920F7E21D334E7500D89D07 /* UIGestureRecognizer+HYBHelperBlockKit.h */,
				6920F7E31D334E7500D89D07 /* UIGestureRecognizer+HYBHelperBlockKit.m */,
				6920F7E41D334E7500D89D07 /* UIView+HYBHelperBlockKit.h */,
				6920F7E51D334E7500D89D07 /* UIView+HYBHelperBlockKit.m */,
			);
			path = UIBlocksKit;
			sourceTree = "<group>";
		};
		6920F7E61D334E7500D89D07 /* UIKit */ = {
			isa = PBXGroup;
			children = (
				6920F7E71D334E7500D89D07 /* HYBHelperUIKit.h */,
				6920F7E81D334E7500D89D07 /* UIColor+HYBHelperKitUIKit.h */,
				6920F7E91D334E7500D89D07 /* UIColor+HYBHelperKitUIKit.m */,
				6920F7EA1D334E7500D89D07 /* UIDevice+HYBHelperKitUIKit.h */,
				6920F7EB1D334E7500D89D07 /* UIDevice+HYBHelperKitUIKit.m */,
				6920F7EC1D334E7500D89D07 /* UIView+HYBHelperKitUIKit.h */,
				6920F7ED1D334E7500D89D07 /* UIView+HYBHelperKitUIKit.m */,
			);
			path = UIKit;
			sourceTree = "<group>";
		};
		69489E771D23790E00F90205 = {
			isa = PBXGroup;
			children = (
				69489E821D23790E00F90205 /* HYBHelperKit */,
				69489E9C1D23790E00F90205 /* HYBHelperKitTests */,
				69489E811D23790E00F90205 /* Products */,
				A0654A6FA263E139658F66F9 /* Pods */,
				EABF94265F022B8CD7ECFEC0 /* Frameworks */,
			);
			sourceTree = "<group>";
		};
		69489E811D23790E00F90205 /* Products */ = {
			isa = PBXGroup;
			children = (
				69489E801D23790E00F90205 /* HYBHelperKit.app */,
				69489E991D23790E00F90205 /* HYBHelperKitTests.xctest */,
			);
			name = Products;
			sourceTree = "<group>";
		};
		69489E821D23790E00F90205 /* HYBHelperKit */ = {
			isa = PBXGroup;
			children = (
				6920F7AA1D334E7500D89D07 /* HYBHelperKitSources */,
				6920F6891D320E9600D89D07 /* TestViewController1.h */,
				6920F68A1D320E9600D89D07 /* TestViewController1.m */,
				69489E861D23790E00F90205 /* AppDelegate.h */,
				69489E871D23790E00F90205 /* AppDelegate.m */,
				69489E891D23790E00F90205 /* ViewController.h */,
				69489E8A1D23790E00F90205 /* ViewController.m */,
				69489E8F1D23790E00F90205 /* Assets.xcassets */,
				69489E911D23790E00F90205 /* LaunchScreen.storyboard */,
				69489E941D23790E00F90205 /* Info.plist */,
				69489E831D23790E00F90205 /* Supporting Files */,
			);
			path = HYBHelperKit;
			sourceTree = "<group>";
		};
		69489E831D23790E00F90205 /* Supporting Files */ = {
			isa = PBXGroup;
			children = (
				69489E841D23790E00F90205 /* main.m */,
			);
			name = "Supporting Files";
			sourceTree = "<group>";
		};
		69489E9C1D23790E00F90205 /* HYBHelperKitTests */ = {
			isa = PBXGroup;
			children = (
				69489EC11D23BB9A00F90205 /* FoundationKitTests */,
				69489E9D1D23790E00F90205 /* HYBHelperKitTests.m */,
				69489E9F1D23790E00F90205 /* Info.plist */,
			);
			path = HYBHelperKitTests;
			sourceTree = "<group>";
		};
		69489EC11D23BB9A00F90205 /* FoundationKitTests */ = {
			isa = PBXGroup;
			children = (
				69489EC71D23BCDC00F90205 /* NSTimerTests.m */,
				69489ECA1D23BEEF00F90205 /* NSUserDefaultsTests.m */,
				69489ED01D23C11200F90205 /* NSStringTests.m */,
				69C383181D23C7FB00176B00 /* NSObjectTests.m */,
				69C383271D23DA4100176B00 /* ArrayTests.m */,
				6932F8D01D24D12600F2D2F0 /* DictionaryTests.m */,
			);
			name = FoundationKitTests;
			sourceTree = "<group>";
		};
		A0654A6FA263E139658F66F9 /* Pods */ = {
			isa = PBXGroup;
			children = (
				3E988714FC5DCCC6FE572EC4 /* Pods-HYBHelperKit.debug.xcconfig */,
				3D2427DF68D165E6D41371A3 /* Pods-HYBHelperKit.release.xcconfig */,
				27E98AAFD6B6C8A744E7B36C /* Pods-HYBHelperKitTests.debug.xcconfig */,
				D4190D82170077172A8B3795 /* Pods-HYBHelperKitTests.release.xcconfig */,
			);
			name = Pods;
			sourceTree = "<group>";
		};
		EABF94265F022B8CD7ECFEC0 /* Frameworks */ = {
			isa = PBXGroup;
			children = (
				2B9F4AC97535142014D9B17F /* libPods-HYBHelperKit.a */,
				880E538D3E79C9676BE1490E /* libPods-HYBHelperKitTests.a */,
			);
			name = Frameworks;
			sourceTree = "<group>";
		};
/* End PBXGroup section */

/* Begin PBXNativeTarget section */
		69489E7F1D23790E00F90205 /* HYBHelperKit */ = {
			isa = PBXNativeTarget;
			buildConfigurationList = 69489EA21D23790E00F90205 /* Build configuration list for PBXNativeTarget "HYBHelperKit" */;
			buildPhases = (
				44B2C4371B8E5D8CEAC74A1D /* 📦 Check Pods Manifest.lock */,
				69489E7C1D23790E00F90205 /* Sources */,
				69489E7D1D23790E00F90205 /* Frameworks */,
				69489E7E1D23790E00F90205 /* Resources */,
				1EFDCD21E8E8ECA0267B1586 /* 📦 Embed Pods Frameworks */,
				81534C734CCEF3F4035504D7 /* 📦 Copy Pods Resources */,
			);
			buildRules = (
			);
			dependencies = (
			);
			name = HYBHelperKit;
			productName = HYBHelperKit;
			productReference = 69489E801D23790E00F90205 /* HYBHelperKit.app */;
			productType = "com.apple.product-type.application";
		};
		69489E981D23790E00F90205 /* HYBHelperKitTests */ = {
			isa = PBXNativeTarget;
			buildConfigurationList = 69489EA51D23790E00F90205 /* Build configuration list for PBXNativeTarget "HYBHelperKitTests" */;
			buildPhases = (
				D6C81BFCA53864F8884FFE81 /* 📦 Check Pods Manifest.lock */,
				69489E951D23790E00F90205 /* Sources */,
				69489E961D23790E00F90205 /* Frameworks */,
				69489E971D23790E00F90205 /* Resources */,
				6B8615C290B3105DB77F07FD /* 📦 Embed Pods Frameworks */,
				2A2189E2041806595439F32F /* 📦 Copy Pods Resources */,
			);
			buildRules = (
			);
			dependencies = (
				69489E9B1D23790E00F90205 /* PBXTargetDependency */,
			);
			name = HYBHelperKitTests;
			productName = HYBHelperKitTests;
			productReference = 69489E991D23790E00F90205 /* HYBHelperKitTests.xctest */;
			productType = "com.apple.product-type.bundle.unit-test";
		};
/* End PBXNativeTarget section */

/* Begin PBXProject section */
		69489E781D23790E00F90205 /* Project object */ = {
			isa = PBXProject;
			attributes = {
				LastUpgradeCheck = 0730;
				ORGANIZATIONNAME = huangyibiao;
				TargetAttributes = {
					69489E7F1D23790E00F90205 = {
						CreatedOnToolsVersion = 7.3.1;
					};
					69489E981D23790E00F90205 = {
						CreatedOnToolsVersion = 7.3.1;
						TestTargetID = 69489E7F1D23790E00F90205;
					};
				};
			};
			buildConfigurationList = 69489E7B1D23790E00F90205 /* Build configuration list for PBXProject "HYBHelperKit" */;
			compatibilityVersion = "Xcode 3.2";
			developmentRegion = English;
			hasScannedForEncodings = 0;
			knownRegions = (
				en,
				Base,
			);
			mainGroup = 69489E771D23790E00F90205;
			productRefGroup = 69489E811D23790E00F90205 /* Products */;
			projectDirPath = "";
			projectRoot = "";
			targets = (
				69489E7F1D23790E00F90205 /* HYBHelperKit */,
				69489E981D23790E00F90205 /* HYBHelperKitTests */,
			);
		};
/* End PBXProject section */

/* Begin PBXResourcesBuildPhase section */
		69489E7E1D23790E00F90205 /* Resources */ = {
			isa = PBXResourcesBuildPhase;
			buildActionMask = 2147483647;
			files = (
				69489E931D23790E00F90205 /* LaunchScreen.storyboard in Resources */,
				69489E901D23790E00F90205 /* Assets.xcassets in Resources */,
			);
			runOnlyForDeploymentPostprocessing = 0;
		};
		69489E971D23790E00F90205 /* Resources */ = {
			isa = PBXResourcesBuildPhase;
			buildActionMask = 2147483647;
			files = (
			);
			runOnlyForDeploymentPostprocessing = 0;
		};
/* End PBXResourcesBuildPhase section */

/* Begin PBXShellScriptBuildPhase section */
		1EFDCD21E8E8ECA0267B1586 /* 📦 Embed Pods Frameworks */ = {
			isa = PBXShellScriptBuildPhase;
			buildActionMask = 2147483647;
			files = (
			);
			inputPaths = (
			);
			name = "📦 Embed Pods Frameworks";
			outputPaths = (
			);
			runOnlyForDeploymentPostprocessing = 0;
			shellPath = /bin/sh;
			shellScript = "\"${SRCROOT}/Pods/Target Support Files/Pods-HYBHelperKit/Pods-HYBHelperKit-frameworks.sh\"\n";
			showEnvVarsInLog = 0;
		};
		2A2189E2041806595439F32F /* 📦 Copy Pods Resources */ = {
			isa = PBXShellScriptBuildPhase;
			buildActionMask = 2147483647;
			files = (
			);
			inputPaths = (
			);
			name = "📦 Copy Pods Resources";
			outputPaths = (
			);
			runOnlyForDeploymentPostprocessing = 0;
			shellPath = /bin/sh;
			shellScript = "\"${SRCROOT}/Pods/Target Support Files/Pods-HYBHelperKitTests/Pods-HYBHelperKitTests-resources.sh\"\n";
			showEnvVarsInLog = 0;
		};
		44B2C4371B8E5D8CEAC74A1D /* 📦 Check Pods Manifest.lock */ = {
			isa = PBXShellScriptBuildPhase;
			buildActionMask = 2147483647;
			files = (
			);
			inputPaths = (
			);
			name = "📦 Check Pods Manifest.lock";
			outputPaths = (
			);
			runOnlyForDeploymentPostprocessing = 0;
			shellPath = /bin/sh;
			shellScript = "diff \"${PODS_ROOT}/../Podfile.lock\" \"${PODS_ROOT}/Manifest.lock\" > /dev/null\nif [[ $? != 0 ]] ; then\n    cat << EOM\nerror: The sandbox is not in sync with the Podfile.lock. Run 'pod install' or update your CocoaPods installation.\nEOM\n    exit 1\nfi\n";
			showEnvVarsInLog = 0;
		};
		6B8615C290B3105DB77F07FD /* 📦 Embed Pods Frameworks */ = {
			isa = PBXShellScriptBuildPhase;
			buildActionMask = 2147483647;
			files = (
			);
			inputPaths = (
			);
			name = "📦 Embed Pods Frameworks";
			outputPaths = (
			);
			runOnlyForDeploymentPostprocessing = 0;
			shellPath = /bin/sh;
			shellScript = "\"${SRCROOT}/Pods/Target Support Files/Pods-HYBHelperKitTests/Pods-HYBHelperKitTests-frameworks.sh\"\n";
			showEnvVarsInLog = 0;
		};
		81534C734CCEF3F4035504D7 /* 📦 Copy Pods Resources */ = {
			isa = PBXShellScriptBuildPhase;
			buildActionMask = 2147483647;
			files = (
			);
			inputPaths = (
			);
			name = "📦 Copy Pods Resources";
			outputPaths = (
			);
			runOnlyForDeploymentPostprocessing = 0;
			shellPath = /bin/sh;
			shellScript = "\"${SRCROOT}/Pods/Target Support Files/Pods-HYBHelperKit/Pods-HYBHelperKit-resources.sh\"\n";
			showEnvVarsInLog = 0;
		};
		D6C81BFCA53864F8884FFE81 /* 📦 Check Pods Manifest.lock */ = {
			isa = PBXShellScriptBuildPhase;
			buildActionMask = 2147483647;
			files = (
			);
			inputPaths = (
			);
			name = "📦 Check Pods Manifest.lock";
			outputPaths = (
			);
			runOnlyForDeploymentPostprocessing = 0;
			shellPath = /bin/sh;
			shellScript = "diff \"${PODS_ROOT}/../Podfile.lock\" \"${PODS_ROOT}/Manifest.lock\" > /dev/null\nif [[ $? != 0 ]] ; then\n    cat << EOM\nerror: The sandbox is not in sync with the Podfile.lock. Run 'pod install' or update your CocoaPods installation.\nEOM\n    exit 1\nfi\n";
			showEnvVarsInLog = 0;
		};
/* End PBXShellScriptBuildPhase section */

/* Begin PBXSourcesBuildPhase section */
		69489E7C1D23790E00F90205 /* Sources */ = {
			isa = PBXSourcesBuildPhase;
			buildActionMask = 2147483647;
			files = (
				6920F8021D334E7500D89D07 /* UIWebView+HYBMasonryKit.m in Sources */,
				6920F7F51D334E7500D89D07 /* NSMutableArray+HYBHelperKit.m in Sources */,
				6920F7F41D334E7500D89D07 /* NSFileManager+HYBHelperKit.m in Sources */,
				6920F7F71D334E7500D89D07 /* NSObject+HYBHelperKit.m in Sources */,
				6920F8001D334E7500D89D07 /* UITextField+HYBMasonryKit.m in Sources */,
				69489E8B1D23790E00F90205 /* ViewController.m in Sources */,
				6920F7FB1D334E7500D89D07 /* UICollectionView+HYBMaonsryKit.m in Sources */,
				6920F7FA1D334E7500D89D07 /* NSUserDefaults+HYBHelperKit.m in Sources */,
				6920F8051D334E7500D89D07 /* UIGestureRecognizer+HYBHelperBlockKit.m in Sources */,
				6920F7FF1D334E7500D89D07 /* UITableView+HYBMasonryKit.m in Sources */,
				6920F8091D334E7500D89D07 /* UIView+HYBHelperKitUIKit.m in Sources */,
				6920F8061D334E7500D89D07 /* UIView+HYBHelperBlockKit.m in Sources */,
				6920F7F01D334E7500D89D07 /* HYBHelperKitBaseURLController.m in Sources */,
				6920F8081D334E7500D89D07 /* UIDevice+HYBHelperKitUIKit.m in Sources */,
				6920F8011D334E7500D89D07 /* UIView+HYBMasonryKit.m in Sources */,
				6920F7EE1D334E7500D89D07 /* HYBCommonKit.m in Sources */,
				6920F8031D334E7500D89D07 /* UIButton+HYBHelperBlockKit.m in Sources */,
				6920F7FC1D334E7500D89D07 /* UIImageView+HYBMasonryKit.m in Sources */,
				6920F7F31D334E7500D89D07 /* NSDictionary+HYBHelperKit.m in Sources */,
				6920F68B1D320E9600D89D07 /* TestViewController1.m in Sources */,
				6920F7F21D334E7500D89D07 /* NSArray+HYBHelperKit.m in Sources */,
				6920F7F91D334E7500D89D07 /* NSTimer+HYBHelperKit.m in Sources */,
				6920F7F81D334E7500D89D07 /* NSString+HYBHelperKit.m in Sources */,
				6920F7F61D334E7500D89D07 /* NSMutableDictionary+HYBHelperKit.m in Sources */,
				6920F7EF1D334E7500D89D07 /* HYBHelperKitBaseController.m in Sources */,
				6920F7FE1D334E7500D89D07 /* UIScrollView+HYBMasonryKit.m in Sources */,
				69489E881D23790E00F90205 /* AppDelegate.m in Sources */,
				6920F7F11D334E7500D89D07 /* HYBHelperKitTestEntranceController.m in Sources */,
				69489E851D23790E00F90205 /* main.m in Sources */,
				6920F7FD1D334E7500D89D07 /* UILabel+HYBMasonryKit.m in Sources */,
				6920F8041D334E7500D89D07 /* UIControl+HYBHelperBlockKit.m in Sources */,
				6920F8071D334E7500D89D07 /* UIColor+HYBHelperKitUIKit.m in Sources */,
			);
			runOnlyForDeploymentPostprocessing = 0;
		};
		69489E951D23790E00F90205 /* Sources */ = {
			isa = PBXSourcesBuildPhase;
			buildActionMask = 2147483647;
			files = (
				69489EC91D23BCDC00F90205 /* NSTimerTests.m in Sources */,
				69489ED11D23C11200F90205 /* NSStringTests.m in Sources */,
				69489ECC1D23BEEF00F90205 /* NSUserDefaultsTests.m in Sources */,
				69C383191D23C7FB00176B00 /* NSObjectTests.m in Sources */,
				6932F8D11D24D12600F2D2F0 /* DictionaryTests.m in Sources */,
				69489E9E1D23790E00F90205 /* HYBHelperKitTests.m in Sources */,
				69C383291D23DA4100176B00 /* ArrayTests.m in Sources */,
			);
			runOnlyForDeploymentPostprocessing = 0;
		};
/* End PBXSourcesBuildPhase section */

/* Begin PBXTargetDependency section */
		69489E9B1D23790E00F90205 /* PBXTargetDependency */ = {
			isa = PBXTargetDependency;
			target = 69489E7F1D23790E00F90205 /* HYBHelperKit */;
			targetProxy = 69489E9A1D23790E00F90205 /* PBXContainerItemProxy */;
		};
/* End PBXTargetDependency section */

/* Begin PBXVariantGroup section */
		69489E911D23790E00F90205 /* LaunchScreen.storyboard */ = {
			isa = PBXVariantGroup;
			children = (
				69489E921D23790E00F90205 /* Base */,
			);
			name = LaunchScreen.storyboard;
			sourceTree = "<group>";
		};
/* End PBXVariantGroup section */

/* Begin XCBuildConfiguration section */
		69489EA01D23790E00F90205 /* Debug */ = {
			isa = XCBuildConfiguration;
			buildSettings = {
				ALWAYS_SEARCH_USER_PATHS = NO;
				CLANG_ANALYZER_NONNULL = YES;
				CLANG_CXX_LANGUAGE_STANDARD = "gnu++0x";
				CLANG_CXX_LIBRARY = "libc++";
				CLANG_ENABLE_MODULES = YES;
				CLANG_ENABLE_OBJC_ARC = YES;
				CLANG_WARN_BOOL_CONVERSION = YES;
				CLANG_WARN_CONSTANT_CONVERSION = YES;
				CLANG_WARN_DIRECT_OBJC_ISA_USAGE = YES_ERROR;
				CLANG_WARN_EMPTY_BODY = YES;
				CLANG_WARN_ENUM_CONVERSION = YES;
				CLANG_WARN_INT_CONVERSION = YES;
				CLANG_WARN_OBJC_ROOT_CLASS = YES_ERROR;
				CLANG_WARN_UNREACHABLE_CODE = YES;
				CLANG_WARN__DUPLICATE_METHOD_MATCH = YES;
				"CODE_SIGN_IDENTITY[sdk=iphoneos*]" = "iPhone Developer";
				COPY_PHASE_STRIP = NO;
				DEBUG_INFORMATION_FORMAT = dwarf;
				ENABLE_STRICT_OBJC_MSGSEND = YES;
				ENABLE_TESTABILITY = YES;
				GCC_C_LANGUAGE_STANDARD = gnu99;
				GCC_DYNAMIC_NO_PIC = NO;
				GCC_NO_COMMON_BLOCKS = YES;
				GCC_OPTIMIZATION_LEVEL = 0;
				GCC_PREPROCESSOR_DEFINITIONS = (
					"DEBUG=1",
					"$(inherited)",
				);
				GCC_WARN_64_TO_32_BIT_CONVERSION = YES;
				GCC_WARN_ABOUT_RETURN_TYPE = YES_ERROR;
				GCC_WARN_UNDECLARED_SELECTOR = YES;
				GCC_WARN_UNINITIALIZED_AUTOS = YES_AGGRESSIVE;
				GCC_WARN_UNUSED_FUNCTION = YES;
				GCC_WARN_UNUSED_VARIABLE = YES;
				IPHONEOS_DEPLOYMENT_TARGET = 9.3;
				MTL_ENABLE_DEBUG_INFO = YES;
				ONLY_ACTIVE_ARCH = YES;
				SDKROOT = iphoneos;
			};
			name = Debug;
		};
		69489EA11D23790E00F90205 /* Release */ = {
			isa = XCBuildConfiguration;
			buildSettings = {
				ALWAYS_SEARCH_USER_PATHS = NO;
				CLANG_ANALYZER_NONNULL = YES;
				CLANG_CXX_LANGUAGE_STANDARD = "gnu++0x";
				CLANG_CXX_LIBRARY = "libc++";
				CLANG_ENABLE_MODULES = YES;
				CLANG_ENABLE_OBJC_ARC = YES;
				CLANG_WARN_BOOL_CONVERSION = YES;
				CLANG_WARN_CONSTANT_CONVERSION = YES;
				CLANG_WARN_DIRECT_OBJC_ISA_USAGE = YES_ERROR;
				CLANG_WARN_EMPTY_BODY = YES;
				CLANG_WARN_ENUM_CONVERSION = YES;
				CLANG_WARN_INT_CONVERSION = YES;
				CLANG_WARN_OBJC_ROOT_CLASS = YES_ERROR;
				CLANG_WARN_UNREACHABLE_CODE = YES;
				CLANG_WARN__DUPLICATE_METHOD_MATCH = YES;
				"CODE_SIGN_IDENTITY[sdk=iphoneos*]" = "iPhone Developer";
				COPY_PHASE_STRIP = NO;
				DEBUG_INFORMATION_FORMAT = "dwarf-with-dsym";
				ENABLE_NS_ASSERTIONS = NO;
				ENABLE_STRICT_OBJC_MSGSEND = YES;
				GCC_C_LANGUAGE_STANDARD = gnu99;
				GCC_NO_COMMON_BLOCKS = YES;
				GCC_WARN_64_TO_32_BIT_CONVERSION = YES;
				GCC_WARN_ABOUT_RETURN_TYPE = YES_ERROR;
				GCC_WARN_UNDECLARED_SELECTOR = YES;
				GCC_WARN_UNINITIALIZED_AUTOS = YES_AGGRESSIVE;
				GCC_WARN_UNUSED_FUNCTION = YES;
				GCC_WARN_UNUSED_VARIABLE = YES;
				IPHONEOS_DEPLOYMENT_TARGET = 9.3;
				MTL_ENABLE_DEBUG_INFO = NO;
				SDKROOT = iphoneos;
				VALIDATE_PRODUCT = YES;
			};
			name = Release;
		};
		69489EA31D23790E00F90205 /* Debug */ = {
			isa = XCBuildConfiguration;
			baseConfigurationReference = 3E988714FC5DCCC6FE572EC4 /* Pods-HYBHelperKit.debug.xcconfig */;
			buildSettings = {
				ASSETCATALOG_COMPILER_APPICON_NAME = AppIcon;
				INFOPLIST_FILE = HYBHelperKit/Info.plist;
				IPHONEOS_DEPLOYMENT_TARGET = 7.0;
				LD_RUNPATH_SEARCH_PATHS = "$(inherited) @executable_path/Frameworks";
				PRODUCT_BUNDLE_IDENTIFIER = com.huangyibiao.HYBHelperKit;
				PRODUCT_NAME = "$(TARGET_NAME)";
			};
			name = Debug;
		};
		69489EA41D23790E00F90205 /* Release */ = {
			isa = XCBuildConfiguration;
			baseConfigurationReference = 3D2427DF68D165E6D41371A3 /* Pods-HYBHelperKit.release.xcconfig */;
			buildSettings = {
				ASSETCATALOG_COMPILER_APPICON_NAME = AppIcon;
				INFOPLIST_FILE = HYBHelperKit/Info.plist;
				IPHONEOS_DEPLOYMENT_TARGET = 7.0;
				LD_RUNPATH_SEARCH_PATHS = "$(inherited) @executable_path/Frameworks";
				PRODUCT_BUNDLE_IDENTIFIER = com.huangyibiao.HYBHelperKit;
				PRODUCT_NAME = "$(TARGET_NAME)";
			};
			name = Release;
		};
		69489EA61D23790E00F90205 /* Debug */ = {
			isa = XCBuildConfiguration;
			baseConfigurationReference = 27E98AAFD6B6C8A744E7B36C /* Pods-HYBHelperKitTests.debug.xcconfig */;
			buildSettings = {
				BUNDLE_LOADER = "$(TEST_HOST)";
				INFOPLIST_FILE = HYBHelperKitTests/Info.plist;
				LD_RUNPATH_SEARCH_PATHS = "$(inherited) @executable_path/Frameworks @loader_path/Frameworks";
				PRODUCT_BUNDLE_IDENTIFIER = com.huangyibiao.HYBHelperKitTests;
				PRODUCT_NAME = "$(TARGET_NAME)";
				TEST_HOST = "$(BUILT_PRODUCTS_DIR)/HYBHelperKit.app/HYBHelperKit";
			};
			name = Debug;
		};
		69489EA71D23790E00F90205 /* Release */ = {
			isa = XCBuildConfiguration;
			baseConfigurationReference = D4190D82170077172A8B3795 /* Pods-HYBHelperKitTests.release.xcconfig */;
			buildSettings = {
				BUNDLE_LOADER = "$(TEST_HOST)";
				INFOPLIST_FILE = HYBHelperKitTests/Info.plist;
				LD_RUNPATH_SEARCH_PATHS = "$(inherited) @executable_path/Frameworks @loader_path/Frameworks";
				PRODUCT_BUNDLE_IDENTIFIER = com.huangyibiao.HYBHelperKitTests;
				PRODUCT_NAME = "$(TARGET_NAME)";
				TEST_HOST = "$(BUILT_PRODUCTS_DIR)/HYBHelperKit.app/HYBHelperKit";
			};
			name = Release;
		};
/* End XCBuildConfiguration section */

/* Begin XCConfigurationList section */
		69489E7B1D23790E00F90205 /* Build configuration list for PBXProject "HYBHelperKit" */ = {
			isa = XCConfigurationList;
			buildConfigurations = (
				69489EA01D23790E00F90205 /* Debug */,
				69489EA11D23790E00F90205 /* Release */,
			);
			defaultConfigurationIsVisible = 0;
			defaultConfigurationName = Release;
		};
		69489EA21D23790E00F90205 /* Build configuration list for PBXNativeTarget "HYBHelperKit" */ = {
			isa = XCConfigurationList;
			buildConfigurations = (
				69489EA31D23790E00F90205 /* Debug */,
				69489EA41D23790E00F90205 /* Release */,
			);
			defaultConfigurationIsVisible = 0;
			defaultConfigurationName = Release;
		};
		69489EA51D23790E00F90205 /* Build configuration list for PBXNativeTarget "HYBHelperKitTests" */ = {
			isa = XCConfigurationList;
			buildConfigurations = (
				69489EA61D23790E00F90205 /* Debug */,
				69489EA71D23790E00F90205 /* Release */,
			);
			defaultConfigurationIsVisible = 0;
			defaultConfigurationName = Release;
		};
/* End XCConfigurationList section */
	};
	rootObject = 69489E781D23790E00F90205 /* Project object */;
}
